[[package]]
name = "ewrs"
version = "0.3.0"
dependencies = [
 "libc 0.2.43 (registry+https://github.com/rust-lang/crates.io-index)",
 "widestring 0.4.0 (registry+https://github.com/rust-lang/crates.io-index)",
 "winapi 0.3.6 (registry+https://github.com/rust-lang/crates.io-index)",
 "winres 0.1.6 (registry+https://github.com/rust-lang/crates.io-index)",
]

[[package]]
name = "libc"
version = "0.2.43"
source = "registry+https://github.com/rust-lang/crates.io-index"

[[package]]
name = "serde"
version = "1.0.80"
source = "registry+https://github.com/rust-lang/crates.io-index"

[[package]]
name = "toml"
version = "0.4.8"
source = "registry+https://github.com/rust-lang/crates.io-index"
dependencies = [
 "serde 1.0.80 (registry+https://github.com/rust-lang/crates.io-index)",
]

[[package]]
name = "widestring"
version = "0.4.0"
source = "registry+https://github.com/rust-lang/crates.io-index"

[[package]]
name = "winapi"
version = "0.3.6"
source = "registry+https://github.com/rust-lang/crates.io-index"
dependencies = [
 "winapi-i686-pc-windows-gnu 0.4.0 (registry+https://github.com/rust-lang/crates.io-index)",
 "winapi-x86_64-pc-windows-gnu 0.4.0 (registry+https://github.com/rust-lang/crates.io-index)",
]

[[package]]
name = "winapi-i686-pc-windows-gnu"
version = "0.4.0"
source = "registry+https://github.com/rust-lang/crates.io-index"

[[package]]
name = "winapi-x86_64-pc-windows-gnu"
version = "0.4.0"
source = "registry+https://github.com/rust-lang/crates.io-index"

[[package]]
name = "winres"
version = "0.1.6"
source = "registry+https://github.com/rust-lang/crates.io-index"
dependencies = [
 "toml 0.4.8 (registry+https://github.com/rust-lang/crates.io-index)",
]

[metadata]
"checksum libc 0.2.43 (registry+https://github.com/rust-lang/crates.io-index)" = "76e3a3ef172f1a0b9a9ff0dd1491ae5e6c948b94479a3021819ba7d860c8645d"
"checksum serde 1.0.80 (registry+https://github.com/rust-lang/crates.io-index)" = "15c141fc7027dd265a47c090bf864cf62b42c4d228bbcf4e51a0c9e2b0d3f7ef"
"checksum toml 0.4.8 (registry+https://github.com/rust-lang/crates.io-index)" = "4a2ecc31b0351ea18b3fe11274b8db6e4d82bce861bbb22e6dbed40417902c65"
"checksum widestring 0.4.0 (registry+https://github.com/rust-lang/crates.io-index)" = "effc0e4ff8085673ea7b9b2e3c73f6bd4d118810c9009ed8f1e16bd96c331db6"
"checksum winapi 0.3.6 (registry+https://github.com/rust-lang/crates.io-index)" = "92c1eb33641e276cfa214a0522acad57be5c56b10cb348b3c5117db75f3ac4b0"
"checksum winapi-i686-pc-windows-gnu 0.4.0 (registry+https://github.com/rust-lang/crates.io-index)" = "ac3b87c63620426dd9b991e5ce0329eff545bccbbb34f3be09ff6fb6ab51b7b6"
"checksum winapi-x86_64-pc-windows-gnu 0.4.0 (registry+https://github.com/rust-lang/crates.io-index)" = "712e227841d057c1ee1cd2fb22fa7e5a5461ae8e48fa2ca79ec42cfc1931183f"
"checksum winres 0.1.6 (registry+https://github.com/rust-lang/crates.io-index)" = "f07dabda4e79413ecac65bc9a2234ad3d85dc49f9d289f868cd9d8611d88f28d"
